
Microsoft Visual Studio Solution File, Format Version 12.00
# Visual Studio Version 17
VisualStudioVersion = 17.13.35818.85 d17.13
MinimumVisualStudioVersion = 10.0.40219.1
Project("{FAE04EC0-301F-11D3-BF4B-00C04F79EFBC}") = "modul6_103022300053", "modul6_103022300053.csproj", "{8ED8A754-0FA9-4009-9A92-48FC69F5A20E}"
EndProject
Global
	GlobalSection(SolutionConfigurationPlatforms) = preSolution
		Debug|Any CPU = Debug|Any CPU
		Release|Any CPU = Release|Any CPU
	EndGlobalSection
	GlobalSection(ProjectConfigurationPlatforms) = postSolution
		{8ED8A754-0FA9-4009-9A92-48FC69F5A20E}.Debug|Any CPU.ActiveCfg = Debug|Any CPU
		{8ED8A754-0FA9-4009-9A92-48FC69F5A20E}.Debug|Any CPU.Build.0 = Debug|Any CPU
		{8ED8A754-0FA9-4009-9A92-48FC69F5A20E}.Release|Any CPU.ActiveCfg = Release|Any CPU
		{8ED8A754-0FA9-4009-9A92-48FC69F5A20E}.Release|Any CPU.Build.0 = Release|Any CPU
	EndGlobalSection
	GlobalSection(SolutionProperties) = preSolution
		HideSolutionNode = FALSE
	EndGlobalSection
	GlobalSection(ExtensibilityGlobals) = postSolution
		SolutionGuid = {124678D1-54F7-4234-8307-7A2F3E1AF9DF}
	EndGlobalSection
EndGlobal
